<?xml version="1.0" encoding="utf-8"?>
<Project ToolsVersion="4.0" xmlns="http://schemas.microsoft.com/developer/msbuild/2003">
  <ItemGroup>
    <Filter Include="Source Files">
      <UniqueIdentifier>{4FC737F1-C7A5-4376-A066-2A32D752A2FF}</UniqueIdentifier>
      <Extensions>cpp;c;cc;cxx;c++;def;odl;idl;hpj;bat;asm;asmx</Extensions>
    </Filter>
    <Filter Include="Header Files">
      <UniqueIdentifier>{93995380-89BD-4b04-88EB-625FBE52EBFB}</UniqueIdentifier>
      <Extensions>h;hh;hpp;hxx;h++;hm;inl;inc;ipp;xsd</Extensions>
    </Filter>
    <Filter Include="Resource Files">
      <UniqueIdentifier>{67DA6AB6-F800-4c08-8B7A-83BB121AAD01}</UniqueIdentifier>
      <Extensions>rc;ico;cur;bmp;dlg;rc2;rct;bin;rgs;gif;jpg;jpeg;jpe;resx;tiff;tif;png;wav;mfcribbon-ms</Extensions>
    </Filter>
    <Filter Include="Components">
      <UniqueIdentifier>{09a5d7f0-608f-4999-86af-903c0e5936e7}</UniqueIdentifier>
    </Filter>
    <Filter Include="imGui">
      <UniqueIdentifier>{3133b909-8dcb-446a-9669-a33d7bbf711d}</UniqueIdentifier>
    </Filter>
    <Filter Include="Header Files\STB">
      <UniqueIdentifier>{08495236-33dd-48e6-bfa3-72a0eaec60f6}</UniqueIdentifier>
    </Filter>
    <Filter Include="Source Files\Game">
      <UniqueIdentifier>{007904c3-be38-41ea-b7c7-a5dc3f9389a2}</UniqueIdentifier>
    </Filter>
    <Filter Include="Source Files\TIGL">
      <UniqueIdentifier>{3d070fd4-f8da-4e75-9348-819653c7aaa8}</UniqueIdentifier>
    </Filter>
    <Filter Include="Source Files\Handlers">
      <UniqueIdentifier>{faa9ab0f-12da-41f2-a653-e8ae3b0a76a0}</UniqueIdentifier>
    </Filter>
    <Filter Include="Source Files\Spawners">
      <UniqueIdentifier>{478bd8da-dce7-4993-9571-fb63aacbb797}</UniqueIdentifier>
    </Filter>
    <Filter Include="Source Files\Useless">
      <UniqueIdentifier>{3da2eb19-fb7b-4b33-af6c-5c8a5c8d74d7}</UniqueIdentifier>
    </Filter>
    <Filter Include="Header Files\Game">
      <UniqueIdentifier>{a0aa247b-68a1-4884-af74-4b9bb1cf9ebc}</UniqueIdentifier>
    </Filter>
    <Filter Include="Header Files\Handlers">
      <UniqueIdentifier>{c14fadf5-6c4b-4d25-b490-8bbef61c98c3}</UniqueIdentifier>
    </Filter>
    <Filter Include="Header Files\Useless">
      <UniqueIdentifier>{0441c938-831b-49ff-bc12-d1b102e151d2}</UniqueIdentifier>
    </Filter>
    <Filter Include="Header Files\TIGL">
      <UniqueIdentifier>{c32f6e09-719d-44fa-aba5-ceb091cc8a25}</UniqueIdentifier>
    </Filter>
    <Filter Include="Header Files\Spawners">
      <UniqueIdentifier>{c84def42-da2e-4307-a7c1-aa11bf4d2eef}</UniqueIdentifier>
    </Filter>
    <Filter Include="Header Files\Enums">
      <UniqueIdentifier>{ff80592f-d8b6-4a79-bc53-4aafa0384ce0}</UniqueIdentifier>
    </Filter>
  </ItemGroup>
  <ItemGroup>
    <ClCompile Include="main.cpp">
      <Filter>Source Files</Filter>
    </ClCompile>
    <ClCompile Include="Component.cpp">
      <Filter>Components</Filter>
    </ClCompile>
    <ClCompile Include="GameObject.cpp">
      <Filter>Components</Filter>
    </ClCompile>
    <ClCompile Include="DrawComponent.cpp">
      <Filter>Components</Filter>
    </ClCompile>
    <ClCompile Include="VisionCamera.cpp">
      <Filter>Components</Filter>
    </ClCompile>
    <ClCompile Include="lib\imgui\include\imgui.cpp">
      <Filter>imGui</Filter>
    </ClCompile>
    <ClCompile Include="lib\imgui\include\imgui_demo.cpp">
      <Filter>imGui</Filter>
    </ClCompile>
    <ClCompile Include="lib\imgui\include\imgui_draw.cpp">
      <Filter>imGui</Filter>
    </ClCompile>
    <ClCompile Include="lib\imgui\include\imgui_impl_glfw.cpp">
      <Filter>imGui</Filter>
    </ClCompile>
    <ClCompile Include="lib\imgui\include\imgui_impl_opengl3.cpp">
      <Filter>imGui</Filter>
    </ClCompile>
    <ClCompile Include="lib\imgui\include\imgui_widgets.cpp">
      <Filter>imGui</Filter>
    </ClCompile>
    <ClCompile Include="MenuGuiComponent.cpp">
      <Filter>Components</Filter>
    </ClCompile>
    <ClCompile Include="GuiObject.cpp">
      <Filter>Components</Filter>
    </ClCompile>
    <ClCompile Include="GuiComponent.cpp">
      <Filter>Components</Filter>
    </ClCompile>
    <ClCompile Include="GameOverGuiComponent.cpp">
      <Filter>Components</Filter>
    </ClCompile>
    <ClCompile Include="ObjModel.cpp">
      <Filter>Components</Filter>
    </ClCompile>
    <ClCompile Include="CalibrateGuiComponent.cpp">
      <Filter>Components</Filter>
    </ClCompile>
    <ClCompile Include="Kataru.cpp">
      <Filter>Source Files\Game</Filter>
    </ClCompile>
    <ClCompile Include="tigl.cpp">
      <Filter>Source Files\TIGL</Filter>
    </ClCompile>
    <ClCompile Include="CollisionHandler.cpp">
      <Filter>Source Files\Handlers</Filter>
    </ClCompile>
    <ClCompile Include="GameStateHandler.cpp">
      <Filter>Source Files\Handlers</Filter>
    </ClCompile>
    <ClCompile Include="TextWriter.cpp">
      <Filter>Source Files\Spawners</Filter>
    </ClCompile>
    <ClCompile Include="ObjSpawner.cpp">
      <Filter>Source Files\Spawners</Filter>
    </ClCompile>
    <ClCompile Include="UserStatistics.cpp">
      <Filter>Source Files\Handlers</Filter>
    </ClCompile>
    <ClCompile Include="Texture.cpp">
      <Filter>Source Files\Useless</Filter>
    </ClCompile>
    <ClCompile Include="ColorDetector.cpp">
      <Filter>Source Files\Handlers</Filter>
    </ClCompile>
  </ItemGroup>
  <ItemGroup>
    <ClInclude Include="Component.h">
      <Filter>Components</Filter>
    </ClInclude>
    <ClInclude Include="DrawComponent.h">
      <Filter>Components</Filter>
    </ClInclude>
    <ClInclude Include="VisionCamera.h">
      <Filter>Components</Filter>
    </ClInclude>
    <ClInclude Include="lib\imgui\include\imconfig.h">
      <Filter>imGui</Filter>
    </ClInclude>
    <ClInclude Include="lib\imgui\include\imgui.h">
      <Filter>imGui</Filter>
    </ClInclude>
    <ClInclude Include="lib\imgui\include\imgui_impl_glfw.h">
      <Filter>imGui</Filter>
    </ClInclude>
    <ClInclude Include="lib\imgui\include\imgui_impl_opengl3.h">
      <Filter>imGui</Filter>
    </ClInclude>
    <ClInclude Include="lib\imgui\include\imgui_internal.h">
      <Filter>imGui</Filter>
    </ClInclude>
    <ClInclude Include="lib\imgui\include\imstb_rectpack.h">
      <Filter>imGui</Filter>
    </ClInclude>
    <ClInclude Include="lib\imgui\include\imstb_textedit.h">
      <Filter>imGui</Filter>
    </ClInclude>
    <ClInclude Include="lib\imgui\include\imstb_truetype.h">
      <Filter>imGui</Filter>
    </ClInclude>
    <ClInclude Include="MenuGuiComponent.h">
      <Filter>Components</Filter>
    </ClInclude>
    <ClInclude Include="ObjModel.h">
      <Filter>Components</Filter>
    </ClInclude>
    <ClInclude Include="GuiComponent.h">
      <Filter>Components</Filter>
    </ClInclude>
    <ClInclude Include="GuiObject.h">
      <Filter>Components</Filter>
    </ClInclude>
    <ClInclude Include="GameOverGuiComponent.h">
      <Filter>Components</Filter>
    </ClInclude>
    <ClInclude Include="CalibrateGuiComponent.h">
      <Filter>Components</Filter>
    </ClInclude>
    <ClInclude Include="stb_image.h">
      <Filter>Header Files\STB</Filter>
    </ClInclude>
    <ClInclude Include="stb_image_resize.h">
      <Filter>Header Files\STB</Filter>
    </ClInclude>
    <ClInclude Include="stb_image_write.h">
      <Filter>Header Files\STB</Filter>
    </ClInclude>
    <ClInclude Include="stb_truetype.h">
      <Filter>Header Files\STB</Filter>
    </ClInclude>
    <ClInclude Include="CollisionHandler.h">
      <Filter>Header Files\Handlers</Filter>
    </ClInclude>
    <ClInclude Include="GameStateHandler.h">
      <Filter>Header Files\Handlers</Filter>
    </ClInclude>
    <ClInclude Include="Kataru.h">
      <Filter>Header Files\Game</Filter>
    </ClInclude>
    <ClInclude Include="Texture.h">
      <Filter>Header Files\Useless</Filter>
    </ClInclude>
    <ClInclude Include="tigl.h">
      <Filter>Header Files\TIGL</Filter>
    </ClInclude>
    <ClInclude Include="UserStatistics.h">
      <Filter>Header Files\Handlers</Filter>
    </ClInclude>
    <ClInclude Include="ColorDetector.h">
      <Filter>Header Files\Handlers</Filter>
    </ClInclude>
    <ClInclude Include="Difficulty.h">
      <Filter>Header Files\Enums</Filter>
    </ClInclude>
    <ClInclude Include="ObjSpawner.h">
      <Filter>Header Files\Spawners</Filter>
    </ClInclude>
    <ClInclude Include="TextWriter.h">
      <Filter>Header Files\Spawners</Filter>
    </ClInclude>
  </ItemGroup>
</Project>