<?xml version="1.0" encoding="utf-8"?>
<Project ToolsVersion="4.0" xmlns="http://schemas.microsoft.com/developer/msbuild/2003">
  <ItemGroup>
    <Filter Include="Source Files">
      <UniqueIdentifier>{4FC737F1-C7A5-4376-A066-2A32D752A2FF}</UniqueIdentifier>
      <Extensions>cpp;c;cc;cxx;c++;def;odl;idl;hpj;bat;asm;asmx</Extensions>
    </Filter>
    <Filter Include="Header Files">
      <UniqueIdentifier>{93995380-89BD-4b04-88EB-625FBE52EBFB}</UniqueIdentifier>
      <Extensions>h;hh;hpp;hxx;h++;hm;inl;inc;ipp;xsd</Extensions>
    </Filter>
    <Filter Include="Resource Files">
      <UniqueIdentifier>{67DA6AB6-F800-4c08-8B7A-83BB121AAD01}</UniqueIdentifier>
      <Extensions>rc;ico;cur;bmp;dlg;rc2;rct;bin;rgs;gif;jpg;jpeg;jpe;resx;tiff;tif;png;wav;mfcribbon-ms</Extensions>
    </Filter>
    <Filter Include="Components">
      <UniqueIdentifier>{09a5d7f0-608f-4999-86af-903c0e5936e7}</UniqueIdentifier>
    </Filter>
    <Filter Include="imGui">
      <UniqueIdentifier>{3133b909-8dcb-446a-9669-a33d7bbf711d}</UniqueIdentifier>
    </Filter>
  </ItemGroup>
  <ItemGroup>
    <ClCompile Include="tigl.cpp">
      <Filter>Source Files</Filter>
    </ClCompile>
    <ClCompile Include="main.cpp">
      <Filter>Source Files</Filter>
    </ClCompile>
    <ClCompile Include="Component.cpp">
      <Filter>Components</Filter>
    </ClCompile>
    <ClCompile Include="GameObject.cpp">
      <Filter>Components</Filter>
    </ClCompile>
    <ClCompile Include="DrawComponent.cpp">
      <Filter>Components</Filter>
    </ClCompile>
    <ClCompile Include="VisionCamera.cpp">
      <Filter>Components</Filter>
    </ClCompile>
    <ClCompile Include="lib\imgui\include\imgui.cpp">
      <Filter>imGui</Filter>
    </ClCompile>
    <ClCompile Include="lib\imgui\include\imgui_demo.cpp">
      <Filter>imGui</Filter>
    </ClCompile>
    <ClCompile Include="lib\imgui\include\imgui_draw.cpp">
      <Filter>imGui</Filter>
    </ClCompile>
    <ClCompile Include="lib\imgui\include\imgui_impl_glfw.cpp">
      <Filter>imGui</Filter>
    </ClCompile>
    <ClCompile Include="lib\imgui\include\imgui_impl_opengl3.cpp">
      <Filter>imGui</Filter>
    </ClCompile>
    <ClCompile Include="lib\imgui\include\imgui_widgets.cpp">
      <Filter>imGui</Filter>
    </ClCompile>
    <ClCompile Include="MenuGuiComponent.cpp">
      <Filter>Components</Filter>
    </ClCompile>
    <ClCompile Include="GuiObject.cpp">
      <Filter>Components</Filter>
    </ClCompile>
    <ClCompile Include="GuiComponent.cpp">
      <Filter>Components</Filter>
    </ClCompile>
    <ClCompile Include="GameStateHandler.cpp">
      <Filter>Source Files</Filter>
    </ClCompile>
    <ClCompile Include="GameOverGuiComponent.cpp">
      <Filter>Components</Filter>
    </ClCompile>
    <ClCompile Include="UserStatistics.cpp">
		<Filter>Source Files</Filter>
    </ClCompile>
    <ClCompile Include="ObjModel.cpp">
      <Filter>Components</Filter>
    </ClCompile>
    <ClCompile Include="Texture.cpp">
      <Filter>Source Files</Filter>
    </ClCompile>
    <ClCompile Include="ObjSpawner.cpp">
      <Filter>Source Files</Filter>
    </ClCompile>
  </ItemGroup>
  <ItemGroup>
    <ClInclude Include="tigl.h">
      <Filter>Header Files</Filter>
    </ClInclude>
    <ClInclude Include="Component.h">
      <Filter>Components</Filter>
    </ClInclude>
    <ClInclude Include="GameObject.h">
      <Filter>Components</Filter>
    </ClInclude>
    <ClInclude Include="DrawComponent.h">
      <Filter>Components</Filter>
    </ClInclude>
    <ClInclude Include="VisionCamera.h">
      <Filter>Components</Filter>
    </ClInclude>
    <ClInclude Include="lib\imgui\include\imconfig.h">
      <Filter>imGui</Filter>
    </ClInclude>
    <ClInclude Include="lib\imgui\include\imgui.h">
      <Filter>imGui</Filter>
    </ClInclude>
    <ClInclude Include="lib\imgui\include\imgui_impl_glfw.h">
      <Filter>imGui</Filter>
    </ClInclude>
    <ClInclude Include="lib\imgui\include\imgui_impl_opengl3.h">
      <Filter>imGui</Filter>
    </ClInclude>
    <ClInclude Include="lib\imgui\include\imgui_internal.h">
      <Filter>imGui</Filter>
    </ClInclude>
    <ClInclude Include="lib\imgui\include\imstb_rectpack.h">
      <Filter>imGui</Filter>
    </ClInclude>
    <ClInclude Include="lib\imgui\include\imstb_textedit.h">
      <Filter>imGui</Filter>
    </ClInclude>
    <ClInclude Include="lib\imgui\include\imstb_truetype.h">
      <Filter>imGui</Filter>
    </ClInclude>
    <ClInclude Include="MenuGuiComponent.h">
      <Filter>Components</Filter>
    </ClInclude>
    <ClInclude Include="ObjModel.h">
      <Filter>Components</Filter>
    </ClInclude>
    <ClInclude Include="Texture.h">
      <Filter>Header Files</Filter>
    </ClInclude>
    <ClInclude Include="stb_image.h">
      <Filter>Header Files</Filter>
    </ClInclude>
    <ClInclude Include="ObjSpawner.h">
      <Filter>Header Files</Filter>
    </ClInclude>
    <ClInclude Include="Difficulty.h">
      <Filter>Header Files</Filter>
    </ClInclude>
    <ClInclude Include="GuiComponent.h">
      <Filter>Components</Filter>
    </ClInclude>
    <ClInclude Include="GuiObject.h">
      <Filter>Components</Filter>
    </ClInclude>
    <ClInclude Include="GameStateHandler.h">
      <Filter>Header Files</Filter>
    </ClInclude>
    <ClInclude Include="GameOverGuiComponent.h">
      <Filter>Components</Filter>
    </ClInclude>
    <ClInclude Include="UserStatistics.h">
      <Filter>Header Files</Filter>
    </ClInclude>
  </ItemGroup>
</Project>